
Microsoft Visual Studio Solution File, Format Version 12.00
# Visual Studio 15
VisualStudioVersion = 15.0.26730.3
MinimumVisualStudioVersion = 10.0.40219.1
Project("{FAE04EC0-301F-11D3-BF4B-00C04F79EFBC}") = "AL3-P23", "AL3-P23\AL3-P23.csproj", "{C8620C78-04FB-45D9-B869-C4AA516A88AA}"
EndProject
Global
	GlobalSection(SolutionConfigurationPlatforms) = preSolution
		Debug|Any CPU = Debug|Any CPU
		Release|Any CPU = Release|Any CPU
	EndGlobalSection
	GlobalSection(ProjectConfigurationPlatforms) = postSolution
		{C8620C78-04FB-45D9-B869-C4AA516A88AA}.Debug|Any CPU.ActiveCfg = Debug|Any CPU
		{C8620C78-04FB-45D9-B869-C4AA516A88AA}.Debug|Any CPU.Build.0 = Debug|Any CPU
		{C8620C78-04FB-45D9-B869-C4AA516A88AA}.Release|Any CPU.ActiveCfg = Release|Any CPU
		{C8620C78-04FB-45D9-B869-C4AA516A88AA}.Release|Any CPU.Build.0 = Release|Any CPU
	EndGlobalSection
	GlobalSection(SolutionProperties) = preSolution
		HideSolutionNode = FALSE
	EndGlobalSection
	GlobalSection(ExtensibilityGlobals) = postSolution
		SolutionGuid = {BC7552FA-4BB5-4170-9A38-6E40A2093BD9}
	EndGlobalSection
EndGlobal
